
Microsoft Visual Studio Solution File, Format Version 12.00
# Visual Studio Version 17
VisualStudioVersion = 17.5.33530.505
MinimumVisualStudioVersion = 10.0.40219.1
Project("{FAE04EC0-301F-11D3-BF4B-00C04F79EFBC}") = "CompChlgUnitTest", "CompChlgUnitTest\CompChlgUnitTest.csproj", "{D9F5D0F2-BAD9-41AD-84C3-70C0E4690292}"
EndProject
Global
	GlobalSection(SolutionConfigurationPlatforms) = preSolution
		Debug|Any CPU = Debug|Any CPU
		Release|Any CPU = Release|Any CPU
	EndGlobalSection
	GlobalSection(ProjectConfigurationPlatforms) = postSolution
		{D9F5D0F2-BAD9-41AD-84C3-70C0E4690292}.Debug|Any CPU.ActiveCfg = Debug|Any CPU
		{D9F5D0F2-BAD9-41AD-84C3-70C0E4690292}.Debug|Any CPU.Build.0 = Debug|Any CPU
		{D9F5D0F2-BAD9-41AD-84C3-70C0E4690292}.Release|Any CPU.ActiveCfg = Release|Any CPU
		{D9F5D0F2-BAD9-41AD-84C3-70C0E4690292}.Release|Any CPU.Build.0 = Release|Any CPU
	EndGlobalSection
	GlobalSection(SolutionProperties) = preSolution
		HideSolutionNode = FALSE
	EndGlobalSection
	GlobalSection(ExtensibilityGlobals) = postSolution
		SolutionGuid = {6D993160-B1B7-4FBB-9C12-881E9B087C55}
	EndGlobalSection
EndGlobal
