
Microsoft Visual Studio Solution File, Format Version 12.00
# Visual Studio Version 17
VisualStudioVersion = 17.5.33530.505
MinimumVisualStudioVersion = 10.0.40219.1
Project("{9A19103F-16F7-4668-BE54-9A1E7A4F7556}") = "CompChlg", "CompChlgUnitTest\CompChlg.csproj", "{D9F5D0F2-BAD9-41AD-84C3-70C0E4690292}"
EndProject
Project("{FAE04EC0-301F-11D3-BF4B-00C04F79EFBC}") = "CompChlgTests", "CompChlgTests\CompChlgTests.csproj", "{4C733E7F-0FA7-42B3-900A-4E19BAB9F2D8}"
	ProjectSection(ProjectDependencies) = postProject
		{D9F5D0F2-BAD9-41AD-84C3-70C0E4690292} = {D9F5D0F2-BAD9-41AD-84C3-70C0E4690292}
	EndProjectSection
EndProject
Global
	GlobalSection(SolutionConfigurationPlatforms) = preSolution
		Debug|Any CPU = Debug|Any CPU
		Release|Any CPU = Release|Any CPU
	EndGlobalSection
	GlobalSection(ProjectConfigurationPlatforms) = postSolution
		{D9F5D0F2-BAD9-41AD-84C3-70C0E4690292}.Debug|Any CPU.ActiveCfg = Debug|Any CPU
		{D9F5D0F2-BAD9-41AD-84C3-70C0E4690292}.Debug|Any CPU.Build.0 = Debug|Any CPU
		{D9F5D0F2-BAD9-41AD-84C3-70C0E4690292}.Release|Any CPU.ActiveCfg = Release|Any CPU
		{D9F5D0F2-BAD9-41AD-84C3-70C0E4690292}.Release|Any CPU.Build.0 = Release|Any CPU
		{4C733E7F-0FA7-42B3-900A-4E19BAB9F2D8}.Debug|Any CPU.ActiveCfg = Debug|Any CPU
		{4C733E7F-0FA7-42B3-900A-4E19BAB9F2D8}.Debug|Any CPU.Build.0 = Debug|Any CPU
		{4C733E7F-0FA7-42B3-900A-4E19BAB9F2D8}.Release|Any CPU.ActiveCfg = Release|Any CPU
		{4C733E7F-0FA7-42B3-900A-4E19BAB9F2D8}.Release|Any CPU.Build.0 = Release|Any CPU
	EndGlobalSection
	GlobalSection(SolutionProperties) = preSolution
		HideSolutionNode = FALSE
	EndGlobalSection
	GlobalSection(ExtensibilityGlobals) = postSolution
		SolutionGuid = {6D993160-B1B7-4FBB-9C12-881E9B087C55}
	EndGlobalSection
EndGlobal
