
Microsoft Visual Studio Solution File, Format Version 12.00
# Visual Studio Version 17
VisualStudioVersion = 17.5.33530.505
MinimumVisualStudioVersion = 10.0.40219.1
Project("{FAE04EC0-301F-11D3-BF4B-00C04F79EFBC}") = "MemberListAPI", "MemberListAPI\MemberListAPI.csproj", "{5B60F770-0180-48E4-97FF-2495BBB705DD}"
EndProject
Global
	GlobalSection(SolutionConfigurationPlatforms) = preSolution
		Debug|Any CPU = Debug|Any CPU
		Release|Any CPU = Release|Any CPU
	EndGlobalSection
	GlobalSection(ProjectConfigurationPlatforms) = postSolution
		{5B60F770-0180-48E4-97FF-2495BBB705DD}.Debug|Any CPU.ActiveCfg = Debug|Any CPU
		{5B60F770-0180-48E4-97FF-2495BBB705DD}.Debug|Any CPU.Build.0 = Debug|Any CPU
		{5B60F770-0180-48E4-97FF-2495BBB705DD}.Release|Any CPU.ActiveCfg = Release|Any CPU
		{5B60F770-0180-48E4-97FF-2495BBB705DD}.Release|Any CPU.Build.0 = Release|Any CPU
	EndGlobalSection
	GlobalSection(SolutionProperties) = preSolution
		HideSolutionNode = FALSE
	EndGlobalSection
	GlobalSection(ExtensibilityGlobals) = postSolution
		SolutionGuid = {79BB0EB5-996B-44C3-8BA5-F3B8DA68D43B}
	EndGlobalSection
EndGlobal
